
Microsoft Visual Studio Solution File, Format Version 12.00
# Visual Studio Version 17
VisualStudioVersion = 17.5.33424.131
MinimumVisualStudioVersion = 10.0.40219.1
Project("{FAE04EC0-301F-11D3-BF4B-00C04F79EFBC}") = "BlitzTool", "BlitzTool.csproj", "{C7004244-6C89-4156-A86E-E7CC57A189AD}"
EndProject
Global
	GlobalSection(SolutionConfigurationPlatforms) = preSolution
		Debug|Any CPU = Debug|Any CPU
		Release|Any CPU = Release|Any CPU
	EndGlobalSection
	GlobalSection(ProjectConfigurationPlatforms) = postSolution
		{C7004244-6C89-4156-A86E-E7CC57A189AD}.Debug|Any CPU.ActiveCfg = Debug|Any CPU
		{C7004244-6C89-4156-A86E-E7CC57A189AD}.Debug|Any CPU.Build.0 = Debug|Any CPU
		{C7004244-6C89-4156-A86E-E7CC57A189AD}.Release|Any CPU.ActiveCfg = Release|Any CPU
		{C7004244-6C89-4156-A86E-E7CC57A189AD}.Release|Any CPU.Build.0 = Release|Any CPU
	EndGlobalSection
	GlobalSection(SolutionProperties) = preSolution
		HideSolutionNode = FALSE
	EndGlobalSection
	GlobalSection(ExtensibilityGlobals) = postSolution
		SolutionGuid = {50A7E33D-0C04-40EE-B479-08BD73926B3B}
	EndGlobalSection
EndGlobal
